
Microsoft Visual Studio Solution File, Format Version 12.00
# Visual Studio Version 17
VisualStudioVersion = 17.6.33829.357
MinimumVisualStudioVersion = 10.0.40219.1
Project("{FAE04EC0-301F-11D3-BF4B-00C04F79EFBC}") = "emtitiProjectSem3", "emtitiProjectSem3\emtitiProjectSem3.csproj", "{D96F5282-4D0C-4DE4-8151-00E64CA64698}"
EndProject
Global
	GlobalSection(SolutionConfigurationPlatforms) = preSolution
		Debug|Any CPU = Debug|Any CPU
		Release|Any CPU = Release|Any CPU
	EndGlobalSection
	GlobalSection(ProjectConfigurationPlatforms) = postSolution
		{D96F5282-4D0C-4DE4-8151-00E64CA64698}.Debug|Any CPU.ActiveCfg = Debug|Any CPU
		{D96F5282-4D0C-4DE4-8151-00E64CA64698}.Debug|Any CPU.Build.0 = Debug|Any CPU
		{D96F5282-4D0C-4DE4-8151-00E64CA64698}.Release|Any CPU.ActiveCfg = Release|Any CPU
		{D96F5282-4D0C-4DE4-8151-00E64CA64698}.Release|Any CPU.Build.0 = Release|Any CPU
	EndGlobalSection
	GlobalSection(SolutionProperties) = preSolution
		HideSolutionNode = FALSE
	EndGlobalSection
	GlobalSection(ExtensibilityGlobals) = postSolution
		SolutionGuid = {CA1BEA1A-2243-482D-AD63-FC7B37F73F88}
	EndGlobalSection
EndGlobal
